
Microsoft Visual Studio Solution File, Format Version 12.00
# Visual Studio 15
Project("{FAE04EC0-301F-11D3-BF4B-00C04F79EFBC}") = "DiscoveryExample", "DiscoveryExample.csproj", "{BD0DC501-9643-45B1-A850-EBB5B16FEF9F}"
EndProject
Global
	GlobalSection(SolutionConfigurationPlatforms) = preSolution
		Debug|Any CPU = Debug|Any CPU
		Release|Any CPU = Release|Any CPU
	EndGlobalSection
	GlobalSection(ProjectConfigurationPlatforms) = postSolution
		{BD0DC501-9643-45B1-A850-EBB5B16FEF9F}.Debug|Any CPU.ActiveCfg = Debug|Any CPU
		{BD0DC501-9643-45B1-A850-EBB5B16FEF9F}.Debug|Any CPU.Build.0 = Debug|Any CPU
		{BD0DC501-9643-45B1-A850-EBB5B16FEF9F}.Release|Any CPU.ActiveCfg = Release|Any CPU
		{BD0DC501-9643-45B1-A850-EBB5B16FEF9F}.Release|Any CPU.Build.0 = Release|Any CPU
	EndGlobalSection
EndGlobal
